// !$*UTF8*$!
{
	archiveVersion = 1;
	classes = {
	};
	objectVersion = 60;
	objects = {

/* Begin PBXBuildFile section */
		514585CE2D625C1800C1241B /* MainPackI.swift in Sources */ = {isa = PBXBuildFile; fileRef = 514585CD2D625C1300C1241B /* MainPackI.swift */; };
		514585D02D625C2600C1241B /* MainPack.swift in Sources */ = {isa = PBXBuildFile; fileRef = 514585CF2D625C2500C1241B /* MainPack.swift */; };
		5147410D2E81EBCA00270B84 /* NSWindowConfig.swift in Sources */ = {isa = PBXBuildFile; fileRef = 5147410C2E81EBCA00270B84 /* NSWindowConfig.swift */; };
		514741132E81EC3D00270B84 /* Logger.swift in Sources */ = {isa = PBXBuildFile; fileRef = 514741102E81EC3D00270B84 /* Logger.swift */; };
		514741142E81EC3D00270B84 /* TypeMapping.swift in Sources */ = {isa = PBXBuildFile; fileRef = 514741112E81EC3D00270B84 /* TypeMapping.swift */; };
		514741152E81EC3D00270B84 /* Invocation.swift in Sources */ = {isa = PBXBuildFile; fileRef = 5147410F2E81EC3D00270B84 /* Invocation.swift */; };
		514741162E81EC3D00270B84 /* Dynamic.swift in Sources */ = {isa = PBXBuildFile; fileRef = 5147410E2E81EC3D00270B84 /* Dynamic.swift */; };
		514943922F23BAA500677A6F /* BufferPackI.swift in Sources */ = {isa = PBXBuildFile; fileRef = 5149438F2F23BAA500677A6F /* BufferPackI.swift */; };
		514943932F23BAA500677A6F /* BufferPackMacCatalystV.swift in Sources */ = {isa = PBXBuildFile; fileRef = 5149438C2F23BAA500677A6F /* BufferPackMacCatalystV.swift */; };
		514943942F23BAA500677A6F /* BufferPack.swift in Sources */ = {isa = PBXBuildFile; fileRef = 5149438E2F23BAA500677A6F /* BufferPack.swift */; };
		514943952F23BAA500677A6F /* BufferPackM.swift in Sources */ = {isa = PBXBuildFile; fileRef = 514943902F23BAA500677A6F /* BufferPackM.swift */; };
		515023D52A2C87E3008255CA /* All in Frameworks */ = {isa = PBXBuildFile; productRef = 515023D42A2C87E3008255CA /* All */; };
		515023DA2A2C8865008255CA /* FirstPac.swift in Sources */ = {isa = PBXBuildFile; fileRef = 515023D92A2C8865008255CA /* FirstPac.swift */; };
		515023DD2A2C8FB2008255CA /* SecondPac.swift in Sources */ = {isa = PBXBuildFile; fileRef = 515023DC2A2C8FB2008255CA /* SecondPac.swift */; };
		516035E32A2C82C600349188 /* AppDelegate.swift in Sources */ = {isa = PBXBuildFile; fileRef = 516035E22A2C82C600349188 /* AppDelegate.swift */; };
		516035E52A2C82C600349188 /* SceneDelegate.swift in Sources */ = {isa = PBXBuildFile; fileRef = 516035E42A2C82C600349188 /* SceneDelegate.swift */; };
		516035EC2A2C82C700349188 /* Assets.xcassets in Resources */ = {isa = PBXBuildFile; fileRef = 516035EB2A2C82C700349188 /* Assets.xcassets */; };
		516035EF2A2C82C700349188 /* LaunchScreen.storyboard in Resources */ = {isa = PBXBuildFile; fileRef = 516035ED2A2C82C700349188 /* LaunchScreen.storyboard */; };
		51A18C202EFBE87B003CF083 /* All in Frameworks */ = {isa = PBXBuildFile; productRef = 51A18C1F2EFBE87B003CF083 /* All */; };
		51A18C242EFD70F0003CF083 /* IMV.swift in Sources */ = {isa = PBXBuildFile; fileRef = 51A18C232EFD70E8003CF083 /* IMV.swift */; };
		51A18C262EFD9BC9003CF083 /* MyPack.swift in Sources */ = {isa = PBXBuildFile; fileRef = 51A18C252EFD9BC1003CF083 /* MyPack.swift */; };
		51A18F612F0E9542003CF083 /* SwiftUIIMV.swift in Sources */ = {isa = PBXBuildFile; fileRef = 51A18F602F0E953F003CF083 /* SwiftUIIMV.swift */; };
/* End PBXBuildFile section */

/* Begin PBXFileReference section */
		514585CD2D625C1300C1241B /* MainPackI.swift */ = {isa = PBXFileReference; lastKnownFileType = sourcecode.swift; path = MainPackI.swift; sourceTree = "<group>"; };
		514585CF2D625C2500C1241B /* MainPack.swift */ = {isa = PBXFileReference; lastKnownFileType = sourcecode.swift; path = MainPack.swift; sourceTree = "<group>"; };
		5147410C2E81EBCA00270B84 /* NSWindowConfig.swift */ = {isa = PBXFileReference; lastKnownFileType = sourcecode.swift; path = NSWindowConfig.swift; sourceTree = "<group>"; };
		5147410E2E81EC3D00270B84 /* Dynamic.swift */ = {isa = PBXFileReference; lastKnownFileType = sourcecode.swift; path = Dynamic.swift; sourceTree = "<group>"; };
		5147410F2E81EC3D00270B84 /* Invocation.swift */ = {isa = PBXFileReference; lastKnownFileType = sourcecode.swift; path = Invocation.swift; sourceTree = "<group>"; };
		514741102E81EC3D00270B84 /* Logger.swift */ = {isa = PBXFileReference; lastKnownFileType = sourcecode.swift; path = Logger.swift; sourceTree = "<group>"; };
		514741112E81EC3D00270B84 /* TypeMapping.swift */ = {isa = PBXFileReference; lastKnownFileType = sourcecode.swift; path = TypeMapping.swift; sourceTree = "<group>"; };
		5149438C2F23BAA500677A6F /* BufferPackMacCatalystV.swift */ = {isa = PBXFileReference; lastKnownFileType = sourcecode.swift; path = BufferPackMacCatalystV.swift; sourceTree = "<group>"; };
		5149438E2F23BAA500677A6F /* BufferPack.swift */ = {isa = PBXFileReference; lastKnownFileType = sourcecode.swift; path = BufferPack.swift; sourceTree = "<group>"; };
		5149438F2F23BAA500677A6F /* BufferPackI.swift */ = {isa = PBXFileReference; lastKnownFileType = sourcecode.swift; path = BufferPackI.swift; sourceTree = "<group>"; };
		514943902F23BAA500677A6F /* BufferPackM.swift */ = {isa = PBXFileReference; lastKnownFileType = sourcecode.swift; path = BufferPackM.swift; sourceTree = "<group>"; };
		515023D92A2C8865008255CA /* FirstPac.swift */ = {isa = PBXFileReference; lastKnownFileType = sourcecode.swift; path = FirstPac.swift; sourceTree = "<group>"; };
		515023DC2A2C8FB2008255CA /* SecondPac.swift */ = {isa = PBXFileReference; lastKnownFileType = sourcecode.swift; path = SecondPac.swift; sourceTree = "<group>"; };
		516035DF2A2C82C600349188 /* Example.app */ = {isa = PBXFileReference; explicitFileType = wrapper.application; includeInIndex = 0; path = Example.app; sourceTree = BUILT_PRODUCTS_DIR; };
		516035E22A2C82C600349188 /* AppDelegate.swift */ = {isa = PBXFileReference; lastKnownFileType = sourcecode.swift; path = AppDelegate.swift; sourceTree = "<group>"; };
		516035E42A2C82C600349188 /* SceneDelegate.swift */ = {isa = PBXFileReference; lastKnownFileType = sourcecode.swift; path = SceneDelegate.swift; sourceTree = "<group>"; };
		516035EB2A2C82C700349188 /* Assets.xcassets */ = {isa = PBXFileReference; lastKnownFileType = folder.assetcatalog; path = Assets.xcassets; sourceTree = "<group>"; };
		516035EE2A2C82C700349188 /* Base */ = {isa = PBXFileReference; lastKnownFileType = file.storyboard; name = Base; path = Base.lproj/LaunchScreen.storyboard; sourceTree = "<group>"; };
		516035F02A2C82C700349188 /* Info.plist */ = {isa = PBXFileReference; lastKnownFileType = text.plist.xml; path = Info.plist; sourceTree = "<group>"; };
		516035FB2A2C878700349188 /* SwiftEZSDK */ = {isa = PBXFileReference; lastKnownFileType = wrapper; name = SwiftEZSDK; path = ..; sourceTree = "<group>"; };
		51753CB02A374B4A0033DDA9 /* Example.entitlements */ = {isa = PBXFileReference; lastKnownFileType = text.plist.entitlements; path = Example.entitlements; sourceTree = "<group>"; };
		51A18C232EFD70E8003CF083 /* IMV.swift */ = {isa = PBXFileReference; lastKnownFileType = sourcecode.swift; path = IMV.swift; sourceTree = "<group>"; };
		51A18C252EFD9BC1003CF083 /* MyPack.swift */ = {isa = PBXFileReference; lastKnownFileType = sourcecode.swift; path = MyPack.swift; sourceTree = "<group>"; };
		51A18F602F0E953F003CF083 /* SwiftUIIMV.swift */ = {isa = PBXFileReference; lastKnownFileType = sourcecode.swift; path = SwiftUIIMV.swift; sourceTree = "<group>"; };
/* End PBXFileReference section */

/* Begin PBXFrameworksBuildPhase section */
		516035DC2A2C82C600349188 /* Frameworks */ = {
			isa = PBXFrameworksBuildPhase;
			buildActionMask = 2147483647;
			files = (
				51A18C202EFBE87B003CF083 /* All in Frameworks */,
				515023D52A2C87E3008255CA /* All in Frameworks */,
			);
			runOnlyForDeploymentPostprocessing = 0;
		};
/* End PBXFrameworksBuildPhase section */

/* Begin PBXGroup section */
		514585CC2D625C0000C1241B /* MainPack */ = {
			isa = PBXGroup;
			children = (
				514585CD2D625C1300C1241B /* MainPackI.swift */,
				514585CF2D625C2500C1241B /* MainPack.swift */,
			);
			path = MainPack;
			sourceTree = "<group>";
		};
		514741122E81EC3D00270B84 /* Dynamic */ = {
			isa = PBXGroup;
			children = (
				5147410E2E81EC3D00270B84 /* Dynamic.swift */,
				5147410F2E81EC3D00270B84 /* Invocation.swift */,
				514741102E81EC3D00270B84 /* Logger.swift */,
				514741112E81EC3D00270B84 /* TypeMapping.swift */,
			);
			path = Dynamic;
			sourceTree = "<group>";
		};
		5149438D2F23BAA500677A6F /* BufferPackV */ = {
			isa = PBXGroup;
			children = (
				5149438C2F23BAA500677A6F /* BufferPackMacCatalystV.swift */,
			);
			path = BufferPackV;
			sourceTree = "<group>";
		};
		514943912F23BAA500677A6F /* BufferPack */ = {
			isa = PBXGroup;
			children = (
				5149438D2F23BAA500677A6F /* BufferPackV */,
				5149438E2F23BAA500677A6F /* BufferPack.swift */,
				5149438F2F23BAA500677A6F /* BufferPackI.swift */,
				514943902F23BAA500677A6F /* BufferPackM.swift */,
			);
			path = BufferPack;
			sourceTree = "<group>";
		};
		515023D32A2C87E3008255CA /* Frameworks */ = {
			isa = PBXGroup;
			children = (
			);
			name = Frameworks;
			sourceTree = "<group>";
		};
		515023D62A2C883C008255CA /* UI */ = {
			isa = PBXGroup;
			children = (
				515023D72A2C8845008255CA /* UIPacs */,
			);
			path = UI;
			sourceTree = "<group>";
		};
		515023D72A2C8845008255CA /* UIPacs */ = {
			isa = PBXGroup;
			children = (
				51A18F5F2F0E952C003CF083 /* SwiftUI IMV */,
				51A18C212EFD70D0003CF083 /* IMV Light */,
				514585CC2D625C0000C1241B /* MainPack */,
				515023DB2A2C8F98008255CA /* SecondPac */,
				515023D82A2C884E008255CA /* FirstPac */,
				514943912F23BAA500677A6F /* BufferPack */,
			);
			path = UIPacs;
			sourceTree = "<group>";
		};
		515023D82A2C884E008255CA /* FirstPac */ = {
			isa = PBXGroup;
			children = (
				515023D92A2C8865008255CA /* FirstPac.swift */,
			);
			path = FirstPac;
			sourceTree = "<group>";
		};
		515023DB2A2C8F98008255CA /* SecondPac */ = {
			isa = PBXGroup;
			children = (
				515023DC2A2C8FB2008255CA /* SecondPac.swift */,
			);
			path = SecondPac;
			sourceTree = "<group>";
		};
		516035D62A2C82C600349188 = {
			isa = PBXGroup;
			children = (
				516035FA2A2C878700349188 /* Packages */,
				516035E12A2C82C600349188 /* Example */,
				516035E02A2C82C600349188 /* Products */,
				515023D32A2C87E3008255CA /* Frameworks */,
			);
			sourceTree = "<group>";
		};
		516035E02A2C82C600349188 /* Products */ = {
			isa = PBXGroup;
			children = (
				516035DF2A2C82C600349188 /* Example.app */,
			);
			name = Products;
			sourceTree = "<group>";
		};
		516035E12A2C82C600349188 /* Example */ = {
			isa = PBXGroup;
			children = (
				51753CB02A374B4A0033DDA9 /* Example.entitlements */,
				516035F62A2C82DB00349188 /* Source */,
				516035F72A2C830A00349188 /* Resources */,
				516035F82A2C833A00349188 /* Other */,
			);
			path = Example;
			sourceTree = "<group>";
		};
		516035F62A2C82DB00349188 /* Source */ = {
			isa = PBXGroup;
			children = (
				516035F92A2C836200349188 /* App */,
				515023D62A2C883C008255CA /* UI */,
			);
			path = Source;
			sourceTree = "<group>";
		};
		516035F72A2C830A00349188 /* Resources */ = {
			isa = PBXGroup;
			children = (
				516035EB2A2C82C700349188 /* Assets.xcassets */,
			);
			path = Resources;
			sourceTree = "<group>";
		};
		516035F82A2C833A00349188 /* Other */ = {
			isa = PBXGroup;
			children = (
				516035F02A2C82C700349188 /* Info.plist */,
				516035ED2A2C82C700349188 /* LaunchScreen.storyboard */,
			);
			path = Other;
			sourceTree = "<group>";
		};
		516035F92A2C836200349188 /* App */ = {
			isa = PBXGroup;
			children = (
				5147410C2E81EBCA00270B84 /* NSWindowConfig.swift */,
				516035E22A2C82C600349188 /* AppDelegate.swift */,
				516035E42A2C82C600349188 /* SceneDelegate.swift */,
				514741122E81EC3D00270B84 /* Dynamic */,
			);
			path = App;
			sourceTree = "<group>";
		};
		516035FA2A2C878700349188 /* Packages */ = {
			isa = PBXGroup;
			children = (
				516035FB2A2C878700349188 /* SwiftEZSDK */,
			);
			name = Packages;
			sourceTree = "<group>";
		};
		51A18C212EFD70D0003CF083 /* IMV Light */ = {
			isa = PBXGroup;
			children = (
				51A18C222EFD70E0003CF083 /* Core */,
			);
			path = "IMV Light";
			sourceTree = "<group>";
		};
		51A18C222EFD70E0003CF083 /* Core */ = {
			isa = PBXGroup;
			children = (
				51A18C232EFD70E8003CF083 /* IMV.swift */,
				51A18C252EFD9BC1003CF083 /* MyPack.swift */,
			);
			path = Core;
			sourceTree = "<group>";
		};
		51A18F5F2F0E952C003CF083 /* SwiftUI IMV */ = {
			isa = PBXGroup;
			children = (
				51A18F602F0E953F003CF083 /* SwiftUIIMV.swift */,
			);
			path = "SwiftUI IMV";
			sourceTree = "<group>";
		};
/* End PBXGroup section */

/* Begin PBXNativeTarget section */
		516035DE2A2C82C600349188 /* Example */ = {
			isa = PBXNativeTarget;
			buildConfigurationList = 516035F32A2C82C700349188 /* Build configuration list for PBXNativeTarget "Example" */;
			buildPhases = (
				516035DB2A2C82C600349188 /* Sources */,
				516035DC2A2C82C600349188 /* Frameworks */,
				516035DD2A2C82C600349188 /* Resources */,
			);
			buildRules = (
			);
			dependencies = (
			);
			name = Example;
			packageProductDependencies = (
				515023D42A2C87E3008255CA /* All */,
				51A18C1F2EFBE87B003CF083 /* All */,
			);
			productName = Example;
			productReference = 516035DF2A2C82C600349188 /* Example.app */;
			productType = "com.apple.product-type.application";
		};
/* End PBXNativeTarget section */

/* Begin PBXProject section */
		516035D72A2C82C600349188 /* Project object */ = {
			isa = PBXProject;
			attributes = {
				BuildIndependentTargetsInParallel = 1;
				LastSwiftUpdateCheck = 1430;
				LastUpgradeCheck = 1620;
				TargetAttributes = {
					516035DE2A2C82C600349188 = {
						CreatedOnToolsVersion = 14.3;
					};
				};
			};
			buildConfigurationList = 516035DA2A2C82C600349188 /* Build configuration list for PBXProject "Example" */;
			compatibilityVersion = "Xcode 14.0";
			developmentRegion = en;
			hasScannedForEncodings = 0;
			knownRegions = (
				en,
				Base,
			);
			mainGroup = 516035D62A2C82C600349188;
			packageReferences = (
				51A18C1E2EFBE87B003CF083 /* XCLocalSwiftPackageReference "../../SwiftEZSDK" */,
			);
			productRefGroup = 516035E02A2C82C600349188 /* Products */;
			projectDirPath = "";
			projectRoot = "";
			targets = (
				516035DE2A2C82C600349188 /* Example */,
			);
		};
/* End PBXProject section */

/* Begin PBXResourcesBuildPhase section */
		516035DD2A2C82C600349188 /* Resources */ = {
			isa = PBXResourcesBuildPhase;
			buildActionMask = 2147483647;
			files = (
				516035EF2A2C82C700349188 /* LaunchScreen.storyboard in Resources */,
				516035EC2A2C82C700349188 /* Assets.xcassets in Resources */,
			);
			runOnlyForDeploymentPostprocessing = 0;
		};
/* End PBXResourcesBuildPhase section */

/* Begin PBXSourcesBuildPhase section */
		516035DB2A2C82C600349188 /* Sources */ = {
			isa = PBXSourcesBuildPhase;
			buildActionMask = 2147483647;
			files = (
				516035E32A2C82C600349188 /* AppDelegate.swift in Sources */,
				516035E52A2C82C600349188 /* SceneDelegate.swift in Sources */,
				515023DD2A2C8FB2008255CA /* SecondPac.swift in Sources */,
				514943922F23BAA500677A6F /* BufferPackI.swift in Sources */,
				514943932F23BAA500677A6F /* BufferPackMacCatalystV.swift in Sources */,
				514943942F23BAA500677A6F /* BufferPack.swift in Sources */,
				514943952F23BAA500677A6F /* BufferPackM.swift in Sources */,
				51A18C262EFD9BC9003CF083 /* MyPack.swift in Sources */,
				514741132E81EC3D00270B84 /* Logger.swift in Sources */,
				51A18C242EFD70F0003CF083 /* IMV.swift in Sources */,
				514741142E81EC3D00270B84 /* TypeMapping.swift in Sources */,
				514741152E81EC3D00270B84 /* Invocation.swift in Sources */,
				514741162E81EC3D00270B84 /* Dynamic.swift in Sources */,
				514585D02D625C2600C1241B /* MainPack.swift in Sources */,
				51A18F612F0E9542003CF083 /* SwiftUIIMV.swift in Sources */,
				514585CE2D625C1800C1241B /* MainPackI.swift in Sources */,
				5147410D2E81EBCA00270B84 /* NSWindowConfig.swift in Sources */,
				515023DA2A2C8865008255CA /* FirstPac.swift in Sources */,
			);
			runOnlyForDeploymentPostprocessing = 0;
		};
/* End PBXSourcesBuildPhase section */

/* Begin PBXVariantGroup section */
		516035ED2A2C82C700349188 /* LaunchScreen.storyboard */ = {
			isa = PBXVariantGroup;
			children = (
				516035EE2A2C82C700349188 /* Base */,
			);
			name = LaunchScreen.storyboard;
			sourceTree = "<group>";
		};
/* End PBXVariantGroup section */

/* Begin XCBuildConfiguration section */
		516035F12A2C82C700349188 /* Debug */ = {
			isa = XCBuildConfiguration;
			buildSettings = {
				ALWAYS_SEARCH_USER_PATHS = NO;
				CLANG_ANALYZER_NONNULL = YES;
				CLANG_ANALYZER_NUMBER_OBJECT_CONVERSION = YES_AGGRESSIVE;
				CLANG_CXX_LANGUAGE_STANDARD = "gnu++20";
				CLANG_ENABLE_MODULES = YES;
				CLANG_ENABLE_OBJC_ARC = YES;
				CLANG_ENABLE_OBJC_WEAK = YES;
				CLANG_WARN_BLOCK_CAPTURE_AUTORELEASING = YES;
				CLANG_WARN_BOOL_CONVERSION = YES;
				CLANG_WARN_COMMA = YES;
				CLANG_WARN_CONSTANT_CONVERSION = YES;
				CLANG_WARN_DEPRECATED_OBJC_IMPLEMENTATIONS = YES;
				CLANG_WARN_DIRECT_OBJC_ISA_USAGE = YES_ERROR;
				CLANG_WARN_DOCUMENTATION_COMMENTS = YES;
				CLANG_WARN_EMPTY_BODY = YES;
				CLANG_WARN_ENUM_CONVERSION = YES;
				CLANG_WARN_INFINITE_RECURSION = YES;
				CLANG_WARN_INT_CONVERSION = YES;
				CLANG_WARN_NON_LITERAL_NULL_CONVERSION = YES;
				CLANG_WARN_OBJC_IMPLICIT_RETAIN_SELF = YES;
				CLANG_WARN_OBJC_LITERAL_CONVERSION = YES;
				CLANG_WARN_OBJC_ROOT_CLASS = YES_ERROR;
				CLANG_WARN_QUOTED_INCLUDE_IN_FRAMEWORK_HEADER = YES;
				CLANG_WARN_RANGE_LOOP_ANALYSIS = YES;
				CLANG_WARN_STRICT_PROTOTYPES = YES;
				CLANG_WARN_SUSPICIOUS_MOVE = YES;
				CLANG_WARN_UNGUARDED_AVAILABILITY = YES_AGGRESSIVE;
				CLANG_WARN_UNREACHABLE_CODE = YES;
				CLANG_WARN__DUPLICATE_METHOD_MATCH = YES;
				COPY_PHASE_STRIP = NO;
				DEBUG_INFORMATION_FORMAT = dwarf;
				ENABLE_STRICT_OBJC_MSGSEND = YES;
				ENABLE_TESTABILITY = YES;
				ENABLE_USER_SCRIPT_SANDBOXING = YES;
				GCC_C_LANGUAGE_STANDARD = gnu11;
				GCC_DYNAMIC_NO_PIC = NO;
				GCC_NO_COMMON_BLOCKS = YES;
				GCC_OPTIMIZATION_LEVEL = 0;
				GCC_PREPROCESSOR_DEFINITIONS = (
					"DEBUG=1",
					"$(inherited)",
				);
				GCC_WARN_64_TO_32_BIT_CONVERSION = YES;
				GCC_WARN_ABOUT_RETURN_TYPE = YES_ERROR;
				GCC_WARN_UNDECLARED_SELECTOR = YES;
				GCC_WARN_UNINITIALIZED_AUTOS = YES_AGGRESSIVE;
				GCC_WARN_UNUSED_FUNCTION = YES;
				GCC_WARN_UNUSED_VARIABLE = YES;
				IPHONEOS_DEPLOYMENT_TARGET = 16.4;
				MTL_ENABLE_DEBUG_INFO = INCLUDE_SOURCE;
				MTL_FAST_MATH = YES;
				ONLY_ACTIVE_ARCH = YES;
				SDKROOT = iphoneos;
				SWIFT_ACTIVE_COMPILATION_CONDITIONS = DEBUG;
				SWIFT_OPTIMIZATION_LEVEL = "-Onone";
			};
			name = Debug;
		};
		516035F22A2C82C700349188 /* Release */ = {
			isa = XCBuildConfiguration;
			buildSettings = {
				ALWAYS_SEARCH_USER_PATHS = NO;
				CLANG_ANALYZER_NONNULL = YES;
				CLANG_ANALYZER_NUMBER_OBJECT_CONVERSION = YES_AGGRESSIVE;
				CLANG_CXX_LANGUAGE_STANDARD = "gnu++20";
				CLANG_ENABLE_MODULES = YES;
				CLANG_ENABLE_OBJC_ARC = YES;
				CLANG_ENABLE_OBJC_WEAK = YES;
				CLANG_WARN_BLOCK_CAPTURE_AUTORELEASING = YES;
				CLANG_WARN_BOOL_CONVERSION = YES;
				CLANG_WARN_COMMA = YES;
				CLANG_WARN_CONSTANT_CONVERSION = YES;
				CLANG_WARN_DEPRECATED_OBJC_IMPLEMENTATIONS = YES;
				CLANG_WARN_DIRECT_OBJC_ISA_USAGE = YES_ERROR;
				CLANG_WARN_DOCUMENTATION_COMMENTS = YES;
				CLANG_WARN_EMPTY_BODY = YES;
				CLANG_WARN_ENUM_CONVERSION = YES;
				CLANG_WARN_INFINITE_RECURSION = YES;
				CLANG_WARN_INT_CONVERSION = YES;
				CLANG_WARN_NON_LITERAL_NULL_CONVERSION = YES;
				CLANG_WARN_OBJC_IMPLICIT_RETAIN_SELF = YES;
				CLANG_WARN_OBJC_LITERAL_CONVERSION = YES;
				CLANG_WARN_OBJC_ROOT_CLASS = YES_ERROR;
				CLANG_WARN_QUOTED_INCLUDE_IN_FRAMEWORK_HEADER = YES;
				CLANG_WARN_RANGE_LOOP_ANALYSIS = YES;
				CLANG_WARN_STRICT_PROTOTYPES = YES;
				CLANG_WARN_SUSPICIOUS_MOVE = YES;
				CLANG_WARN_UNGUARDED_AVAILABILITY = YES_AGGRESSIVE;
				CLANG_WARN_UNREACHABLE_CODE = YES;
				CLANG_WARN__DUPLICATE_METHOD_MATCH = YES;
				COPY_PHASE_STRIP = NO;
				DEBUG_INFORMATION_FORMAT = "dwarf-with-dsym";
				ENABLE_NS_ASSERTIONS = NO;
				ENABLE_STRICT_OBJC_MSGSEND = YES;
				ENABLE_USER_SCRIPT_SANDBOXING = YES;
				GCC_C_LANGUAGE_STANDARD = gnu11;
				GCC_NO_COMMON_BLOCKS = YES;
				GCC_WARN_64_TO_32_BIT_CONVERSION = YES;
				GCC_WARN_ABOUT_RETURN_TYPE = YES_ERROR;
				GCC_WARN_UNDECLARED_SELECTOR = YES;
				GCC_WARN_UNINITIALIZED_AUTOS = YES_AGGRESSIVE;
				GCC_WARN_UNUSED_FUNCTION = YES;
				GCC_WARN_UNUSED_VARIABLE = YES;
				IPHONEOS_DEPLOYMENT_TARGET = 16.4;
				MTL_ENABLE_DEBUG_INFO = NO;
				MTL_FAST_MATH = YES;
				SDKROOT = iphoneos;
				SWIFT_COMPILATION_MODE = wholemodule;
				SWIFT_OPTIMIZATION_LEVEL = "-O";
				VALIDATE_PRODUCT = YES;
			};
			name = Release;
		};
		516035F42A2C82C700349188 /* Debug */ = {
			isa = XCBuildConfiguration;
			buildSettings = {
				ASSETCATALOG_COMPILER_APPICON_NAME = AppIcon;
				ASSETCATALOG_COMPILER_GLOBAL_ACCENT_COLOR_NAME = AccentColor;
				CODE_SIGN_ENTITLEMENTS = Example/Example.entitlements;
				CODE_SIGN_STYLE = Automatic;
				CURRENT_PROJECT_VERSION = 1;
				DEVELOPMENT_TEAM = XKSTMW7C69;
				GENERATE_INFOPLIST_FILE = YES;
				INFOPLIST_FILE = Example/Other/Info.plist;
				INFOPLIST_KEY_UIApplicationSupportsIndirectInputEvents = YES;
				INFOPLIST_KEY_UILaunchStoryboardName = LaunchScreen.storyboard;
				INFOPLIST_KEY_UIMainStoryboardFile = LaunchScreen;
				INFOPLIST_KEY_UISupportedInterfaceOrientations_iPad = "UIInterfaceOrientationPortrait UIInterfaceOrientationPortraitUpsideDown UIInterfaceOrientationLandscapeLeft UIInterfaceOrientationLandscapeRight";
				INFOPLIST_KEY_UISupportedInterfaceOrientations_iPhone = "UIInterfaceOrientationPortrait UIInterfaceOrientationLandscapeLeft UIInterfaceOrientationLandscapeRight";
				IPHONEOS_DEPLOYMENT_TARGET = 16.0;
				LD_RUNPATH_SEARCH_PATHS = (
					"$(inherited)",
					"@executable_path/Frameworks",
				);
				MARKETING_VERSION = 1.0;
				PRODUCT_BUNDLE_IDENTIFIER = com.ezTeam.Example;
				PRODUCT_NAME = "$(TARGET_NAME)";
				SUPPORTED_PLATFORMS = "iphoneos iphonesimulator";
				SUPPORTS_MACCATALYST = YES;
				SUPPORTS_MAC_DESIGNED_FOR_IPHONE_IPAD = NO;
				SWIFT_EMIT_LOC_STRINGS = YES;
				SWIFT_VERSION = 6.0;
				TARGETED_DEVICE_FAMILY = "1,2,6";
			};
			name = Debug;
		};
		516035F52A2C82C700349188 /* Release */ = {
			isa = XCBuildConfiguration;
			buildSettings = {
				ASSETCATALOG_COMPILER_APPICON_NAME = AppIcon;
				ASSETCATALOG_COMPILER_GLOBAL_ACCENT_COLOR_NAME = AccentColor;
				CODE_SIGN_ENTITLEMENTS = Example/Example.entitlements;
				CODE_SIGN_STYLE = Automatic;
				CURRENT_PROJECT_VERSION = 1;
				DEVELOPMENT_TEAM = XKSTMW7C69;
				GENERATE_INFOPLIST_FILE = YES;
				INFOPLIST_FILE = Example/Other/Info.plist;
				INFOPLIST_KEY_UIApplicationSupportsIndirectInputEvents = YES;
				INFOPLIST_KEY_UILaunchStoryboardName = LaunchScreen.storyboard;
				INFOPLIST_KEY_UIMainStoryboardFile = LaunchScreen;
				INFOPLIST_KEY_UISupportedInterfaceOrientations_iPad = "UIInterfaceOrientationPortrait UIInterfaceOrientationPortraitUpsideDown UIInterfaceOrientationLandscapeLeft UIInterfaceOrientationLandscapeRight";
				INFOPLIST_KEY_UISupportedInterfaceOrientations_iPhone = "UIInterfaceOrientationPortrait UIInterfaceOrientationLandscapeLeft UIInterfaceOrientationLandscapeRight";
				IPHONEOS_DEPLOYMENT_TARGET = 16.0;
				LD_RUNPATH_SEARCH_PATHS = (
					"$(inherited)",
					"@executable_path/Frameworks",
				);
				MARKETING_VERSION = 1.0;
				PRODUCT_BUNDLE_IDENTIFIER = com.ezTeam.Example;
				PRODUCT_NAME = "$(TARGET_NAME)";
				SUPPORTED_PLATFORMS = "iphoneos iphonesimulator";
				SUPPORTS_MACCATALYST = YES;
				SUPPORTS_MAC_DESIGNED_FOR_IPHONE_IPAD = NO;
				SWIFT_EMIT_LOC_STRINGS = YES;
				SWIFT_VERSION = 6.0;
				TARGETED_DEVICE_FAMILY = "1,2,6";
			};
			name = Release;
		};
/* End XCBuildConfiguration section */

/* Begin XCConfigurationList section */
		516035DA2A2C82C600349188 /* Build configuration list for PBXProject "Example" */ = {
			isa = XCConfigurationList;
			buildConfigurations = (
				516035F12A2C82C700349188 /* Debug */,
				516035F22A2C82C700349188 /* Release */,
			);
			defaultConfigurationIsVisible = 0;
			defaultConfigurationName = Release;
		};
		516035F32A2C82C700349188 /* Build configuration list for PBXNativeTarget "Example" */ = {
			isa = XCConfigurationList;
			buildConfigurations = (
				516035F42A2C82C700349188 /* Debug */,
				516035F52A2C82C700349188 /* Release */,
			);
			defaultConfigurationIsVisible = 0;
			defaultConfigurationName = Release;
		};
/* End XCConfigurationList section */

/* Begin XCLocalSwiftPackageReference section */
		51A18C1E2EFBE87B003CF083 /* XCLocalSwiftPackageReference "../../SwiftEZSDK" */ = {
			isa = XCLocalSwiftPackageReference;
			relativePath = ../../SwiftEZSDK;
		};
/* End XCLocalSwiftPackageReference section */

/* Begin XCSwiftPackageProductDependency section */
		515023D42A2C87E3008255CA /* All */ = {
			isa = XCSwiftPackageProductDependency;
			productName = All;
		};
		51A18C1F2EFBE87B003CF083 /* All */ = {
			isa = XCSwiftPackageProductDependency;
			productName = All;
		};
/* End XCSwiftPackageProductDependency section */
	};
	rootObject = 516035D72A2C82C600349188 /* Project object */;
}
